// !$*UTF8*$!
{
	archiveVersion = 1;
	classes = {
	};
	objectVersion = 50;
	objects = {

/* Begin PBXBuildFile section */
		37896C1A24B48AFF0076A48E /* AppDelegate.swift in Sources */ = {isa = PBXBuildFile; fileRef = 37896C1924B48AFF0076A48E /* AppDelegate.swift */; };
		37896C1C24B48AFF0076A48E /* SceneDelegate.swift in Sources */ = {isa = PBXBuildFile; fileRef = 37896C1B24B48AFF0076A48E /* SceneDelegate.swift */; };
		37896C1E24B48AFF0076A48E /* ViewController.swift in Sources */ = {isa = PBXBuildFile; fileRef = 37896C1D24B48AFF0076A48E /* ViewController.swift */; };
		37896C2124B48AFF0076A48E /* Main.storyboard in Resources */ = {isa = PBXBuildFile; fileRef = 37896C1F24B48AFF0076A48E /* Main.storyboard */; };
		37896C2324B48B000076A48E /* Assets.xcassets in Resources */ = {isa = PBXBuildFile; fileRef = 37896C2224B48B000076A48E /* Assets.xcassets */; };
		37896C2624B48B000076A48E /* LaunchScreen.storyboard in Resources */ = {isa = PBXBuildFile; fileRef = 37896C2424B48B000076A48E /* LaunchScreen.storyboard */; };
		37896C2F24B48D4F0076A48E /* WebKit.framework in Frameworks */ = {isa = PBXBuildFile; fileRef = 37896C2E24B48D4F0076A48E /* WebKit.framework */; };
/* End PBXBuildFile section */

/* Begin PBXFileReference section */
		37896C1624B48AFF0076A48E /* web.app */ = {isa = PBXFileReference; explicitFileType = wrapper.application; includeInIndex = 0; path = web.app; sourceTree = BUILT_PRODUCTS_DIR; };
		37896C1924B48AFF0076A48E /* AppDelegate.swift */ = {isa = PBXFileReference; lastKnownFileType = sourcecode.swift; path = AppDelegate.swift; sourceTree = "<group>"; };
		37896C1B24B48AFF0076A48E /* SceneDelegate.swift */ = {isa = PBXFileReference; lastKnownFileType = sourcecode.swift; path = SceneDelegate.swift; sourceTree = "<group>"; };
		37896C1D24B48AFF0076A48E /* ViewController.swift */ = {isa = PBXFileReference; lastKnownFileType = sourcecode.swift; path = ViewController.swift; sourceTree = "<group>"; };
		37896C2024B48AFF0076A48E /* Base */ = {isa = PBXFileReference; lastKnownFileType = file.storyboard; name = Base; path = Base.lproj/Main.storyboard; sourceTree = "<group>"; };
		37896C2224B48B000076A48E /* Assets.xcassets */ = {isa = PBXFileReference; lastKnownFileType = folder.assetcatalog; path = Assets.xcassets; sourceTree = "<group>"; };
		37896C2524B48B000076A48E /* Base */ = {isa = PBXFileReference; lastKnownFileType = file.storyboard; name = Base; path = Base.lproj/LaunchScreen.storyboard; sourceTree = "<group>"; };
		37896C2724B48B000076A48E /* Info.plist */ = {isa = PBXFileReference; lastKnownFileType = text.plist.xml; path = Info.plist; sourceTree = "<group>"; };
		37896C2E24B48D4F0076A48E /* WebKit.framework */ = {isa = PBXFileReference; lastKnownFileType = wrapper.framework; name = WebKit.framework; path = System/Library/Frameworks/WebKit.framework; sourceTree = SDKROOT; };
/* End PBXFileReference section */

/* Begin PBXFrameworksBuildPhase section */
		37896C1324B48AFF0076A48E /* Frameworks */ = {
			isa = PBXFrameworksBuildPhase;
			buildActionMask = 2147483647;
			files = (
				37896C2F24B48D4F0076A48E /* WebKit.framework in Frameworks */,
			);
			runOnlyForDeploymentPostprocessing = 0;
		};
/* End PBXFrameworksBuildPhase section */

/* Begin PBXGroup section */
		37896C0D24B48AFF0076A48E = {
			isa = PBXGroup;
			children = (
				37896C1824B48AFF0076A48E /* web */,
				37896C1724B48AFF0076A48E /* Products */,
				37896C2D24B48D4F0076A48E /* Frameworks */,
			);
			sourceTree = "<group>";
		};
		37896C1724B48AFF0076A48E /* Products */ = {
			isa = PBXGroup;
			children = (
				37896C1624B48AFF0076A48E /* web.app */,
			);
			name = Products;
			sourceTree = "<group>";
		};
		37896C1824B48AFF0076A48E /* web */ = {
			isa = PBXGroup;
			children = (
				37896C1924B48AFF0076A48E /* AppDelegate.swift */,
				37896C1B24B48AFF0076A48E /* SceneDelegate.swift */,
				37896C1D24B48AFF0076A48E /* ViewController.swift */,
				37896C1F24B48AFF0076A48E /* Main.storyboard */,
				37896C2224B48B000076A48E /* Assets.xcassets */,
				37896C2424B48B000076A48E /* LaunchScreen.storyboard */,
				37896C2724B48B000076A48E /* Info.plist */,
			);
			path = web;
			sourceTree = "<group>";
		};
		37896C2D24B48D4F0076A48E /* Frameworks */ = {
			isa = PBXGroup;
			children = (
				37896C2E24B48D4F0076A48E /* WebKit.framework */,
			);
			name = Frameworks;
			sourceTree = "<group>";
		};
/* End PBXGroup section */

/* Begin PBXNativeTarget section */
		37896C1524B48AFF0076A48E /* web */ = {
			isa = PBXNativeTarget;
			buildConfigurationList = 37896C2A24B48B000076A48E /* Build configuration list for PBXNativeTarget "web" */;
			buildPhases = (
				37896C1224B48AFF0076A48E /* Sources */,
				37896C1324B48AFF0076A48E /* Frameworks */,
				37896C1424B48AFF0076A48E /* Resources */,
			);
			buildRules = (
			);
			dependencies = (
			);
			name = web;
			productName = web;
			productReference = 37896C1624B48AFF0076A48E /* web.app */;
			productType = "com.apple.product-type.application";
		};
/* End PBXNativeTarget section */

/* Begin PBXProject section */
		37896C0E24B48AFF0076A48E /* Project object */ = {
			isa = PBXProject;
			attributes = {
				LastSwiftUpdateCheck = 1150;
				LastUpgradeCheck = 1150;
				ORGANIZATIONNAME = "Ezequiel Parada";
				TargetAttributes = {
					37896C1524B48AFF0076A48E = {
						CreatedOnToolsVersion = 11.5;
					};
				};
			};
			buildConfigurationList = 37896C1124B48AFF0076A48E /* Build configuration list for PBXProject "web" */;
			compatibilityVersion = "Xcode 9.3";
			developmentRegion = en;
			hasScannedForEncodings = 0;
			knownRegions = (
				en,
				Base,
			);
			mainGroup = 37896C0D24B48AFF0076A48E;
			productRefGroup = 37896C1724B48AFF0076A48E /* Products */;
			projectDirPath = "";
			projectRoot = "";
			targets = (
				37896C1524B48AFF0076A48E /* web */,
			);
		};
/* End PBXProject section */

/* Begin PBXResourcesBuildPhase section */
		37896C1424B48AFF0076A48E /* Resources */ = {
			isa = PBXResourcesBuildPhase;
			buildActionMask = 2147483647;
			files = (
				37896C2624B48B000076A48E /* LaunchScreen.storyboard in Resources */,
				37896C2324B48B000076A48E /* Assets.xcassets in Resources */,
				37896C2124B48AFF0076A48E /* Main.storyboard in Resources */,
			);
			runOnlyForDeploymentPostprocessing = 0;
		};
/* End PBXResourcesBuildPhase section */

/* Begin PBXSourcesBuildPhase section */
		37896C1224B48AFF0076A48E /* Sources */ = {
			isa = PBXSourcesBuildPhase;
			buildActionMask = 2147483647;
			files = (
				37896C1E24B48AFF0076A48E /* ViewController.swift in Sources */,
				37896C1A24B48AFF0076A48E /* AppDelegate.swift in Sources */,
				37896C1C24B48AFF0076A48E /* SceneDelegate.swift in Sources */,
			);
			runOnlyForDeploymentPostprocessing = 0;
		};
/* End PBXSourcesBuildPhase section */

/* Begin PBXVariantGroup section */
		37896C1F24B48AFF0076A48E /* Main.storyboard */ = {
			isa = PBXVariantGroup;
			children = (
				37896C2024B48AFF0076A48E /* Base */,
			);
			name = Main.storyboard;
			sourceTree = "<group>";
		};
		37896C2424B48B000076A48E /* LaunchScreen.storyboard */ = {
			isa = PBXVariantGroup;
			children = (
				37896C2524B48B000076A48E /* Base */,
			);
			name = LaunchScreen.storyboard;
			sourceTree = "<group>";
		};
/* End PBXVariantGroup section */

/* Begin XCBuildConfiguration section */
		37896C2824B48B000076A48E /* Debug */ = {
			isa = XCBuildConfiguration;
			buildSettings = {
				ALWAYS_SEARCH_USER_PATHS = NO;
				CLANG_ANALYZER_NONNULL = YES;
				CLANG_ANALYZER_NUMBER_OBJECT_CONVERSION = YES_AGGRESSIVE;
				CLANG_CXX_LANGUAGE_STANDARD = "gnu++14";
				CLANG_CXX_LIBRARY = "libc++";
				CLANG_ENABLE_MODULES = YES;
				CLANG_ENABLE_OBJC_ARC = YES;
				CLANG_ENABLE_OBJC_WEAK = YES;
				CLANG_WARN_BLOCK_CAPTURE_AUTORELEASING = YES;
				CLANG_WARN_BOOL_CONVERSION = YES;
				CLANG_WARN_COMMA = YES;
				CLANG_WARN_CONSTANT_CONVERSION = YES;
				CLANG_WARN_DEPRECATED_OBJC_IMPLEMENTATIONS = YES;
				CLANG_WARN_DIRECT_OBJC_ISA_USAGE = YES_ERROR;
				CLANG_WARN_DOCUMENTATION_COMMENTS = YES;
				CLANG_WARN_EMPTY_BODY = YES;
				CLANG_WARN_ENUM_CONVERSION = YES;
				CLANG_WARN_INFINITE_RECURSION = YES;
				CLANG_WARN_INT_CONVERSION = YES;
				CLANG_WARN_NON_LITERAL_NULL_CONVERSION = YES;
				CLANG_WARN_OBJC_IMPLICIT_RETAIN_SELF = YES;
				CLANG_WARN_OBJC_LITERAL_CONVERSION = YES;
				CLANG_WARN_OBJC_ROOT_CLASS = YES_ERROR;
				CLANG_WARN_RANGE_LOOP_ANALYSIS = YES;
				CLANG_WARN_STRICT_PROTOTYPES = YES;
				CLANG_WARN_SUSPICIOUS_MOVE = YES;
				CLANG_WARN_UNGUARDED_AVAILABILITY = YES_AGGRESSIVE;
				CLANG_WARN_UNREACHABLE_CODE = YES;
				CLANG_WARN__DUPLICATE_METHOD_MATCH = YES;
				COPY_PHASE_STRIP = NO;
				DEBUG_INFORMATION_FORMAT = dwarf;
				ENABLE_STRICT_OBJC_MSGSEND = YES;
				ENABLE_TESTABILITY = YES;
				GCC_C_LANGUAGE_STANDARD = gnu11;
				GCC_DYNAMIC_NO_PIC = NO;
				GCC_NO_COMMON_BLOCKS = YES;
				GCC_OPTIMIZATION_LEVEL = 0;
				GCC_PREPROCESSOR_DEFINITIONS = (
					"DEBUG=1",
					"$(inherited)",
				);
				GCC_WARN_64_TO_32_BIT_CONVERSION = YES;
				GCC_WARN_ABOUT_RETURN_TYPE = YES_ERROR;
				GCC_WARN_UNDECLARED_SELECTOR = YES;
				GCC_WARN_UNINITIALIZED_AUTOS = YES_AGGRESSIVE;
				GCC_WARN_UNUSED_FUNCTION = YES;
				GCC_WARN_UNUSED_VARIABLE = YES;
				IPHONEOS_DEPLOYMENT_TARGET = 13.5;
				MTL_ENABLE_DEBUG_INFO = INCLUDE_SOURCE;
				MTL_FAST_MATH = YES;
				ONLY_ACTIVE_ARCH = YES;
				SDKROOT = iphoneos;
				SWIFT_ACTIVE_COMPILATION_CONDITIONS = DEBUG;
				SWIFT_OPTIMIZATION_LEVEL = "-Onone";
			};
			name = Debug;
		};
		37896C2924B48B000076A48E /* Release */ = {
			isa = XCBuildConfiguration;
			buildSettings = {
				ALWAYS_SEARCH_USER_PATHS = NO;
				CLANG_ANALYZER_NONNULL = YES;
				CLANG_ANALYZER_NUMBER_OBJECT_CONVERSION = YES_AGGRESSIVE;
				CLANG_CXX_LANGUAGE_STANDARD = "gnu++14";
				CLANG_CXX_LIBRARY = "libc++";
				CLANG_ENABLE_MODULES = YES;
				CLANG_ENABLE_OBJC_ARC = YES;
				CLANG_ENABLE_OBJC_WEAK = YES;
				CLANG_WARN_BLOCK_CAPTURE_AUTORELEASING = YES;
				CLANG_WARN_BOOL_CONVERSION = YES;
				CLANG_WARN_COMMA = YES;
				CLANG_WARN_CONSTANT_CONVERSION = YES;
				CLANG_WARN_DEPRECATED_OBJC_IMPLEMENTATIONS = YES;
				CLANG_WARN_DIRECT_OBJC_ISA_USAGE = YES_ERROR;
				CLANG_WARN_DOCUMENTATION_COMMENTS = YES;
				CLANG_WARN_EMPTY_BODY = YES;
				CLANG_WARN_ENUM_CONVERSION = YES;
				CLANG_WARN_INFINITE_RECURSION = YES;
				CLANG_WARN_INT_CONVERSION = YES;
				CLANG_WARN_NON_LITERAL_NULL_CONVERSION = YES;
				CLANG_WARN_OBJC_IMPLICIT_RETAIN_SELF = YES;
				CLANG_WARN_OBJC_LITERAL_CONVERSION = YES;
				CLANG_WARN_OBJC_ROOT_CLASS = YES_ERROR;
				CLANG_WARN_RANGE_LOOP_ANALYSIS = YES;
				CLANG_WARN_STRICT_PROTOTYPES = YES;
				CLANG_WARN_SUSPICIOUS_MOVE = YES;
				CLANG_WARN_UNGUARDED_AVAILABILITY = YES_AGGRESSIVE;
				CLANG_WARN_UNREACHABLE_CODE = YES;
				CLANG_WARN__DUPLICATE_METHOD_MATCH = YES;
				COPY_PHASE_STRIP = NO;
				DEBUG_INFORMATION_FORMAT = "dwarf-with-dsym";
				ENABLE_NS_ASSERTIONS = NO;
				ENABLE_STRICT_OBJC_MSGSEND = YES;
				GCC_C_LANGUAGE_STANDARD = gnu11;
				GCC_NO_COMMON_BLOCKS = YES;
				GCC_WARN_64_TO_32_BIT_CONVERSION = YES;
				GCC_WARN_ABOUT_RETURN_TYPE = YES_ERROR;
				GCC_WARN_UNDECLARED_SELECTOR = YES;
				GCC_WARN_UNINITIALIZED_AUTOS = YES_AGGRESSIVE;
				GCC_WARN_UNUSED_FUNCTION = YES;
				GCC_WARN_UNUSED_VARIABLE = YES;
				IPHONEOS_DEPLOYMENT_TARGET = 13.5;
				MTL_ENABLE_DEBUG_INFO = NO;
				MTL_FAST_MATH = YES;
				SDKROOT = iphoneos;
				SWIFT_COMPILATION_MODE = wholemodule;
				SWIFT_OPTIMIZATION_LEVEL = "-O";
				VALIDATE_PRODUCT = YES;
			};
			name = Release;
		};
		37896C2B24B48B000076A48E /* Debug */ = {
			isa = XCBuildConfiguration;
			buildSettings = {
				ASSETCATALOG_COMPILER_APPICON_NAME = AppIcon;
				CODE_SIGN_STYLE = Automatic;
				DEVELOPMENT_TEAM = 8PF4PD98CF;
				INFOPLIST_FILE = web/Info.plist;
				LD_RUNPATH_SEARCH_PATHS = (
					"$(inherited)",
					"@executable_path/Frameworks",
				);
				PRODUCT_BUNDLE_IDENTIFIER = com.paradabeltran.web;
				PRODUCT_NAME = "$(TARGET_NAME)";
				SWIFT_VERSION = 5.0;
				TARGETED_DEVICE_FAMILY = "1,2";
			};
			name = Debug;
		};
		37896C2C24B48B000076A48E /* Release */ = {
			isa = XCBuildConfiguration;
			buildSettings = {
				ASSETCATALOG_COMPILER_APPICON_NAME = AppIcon;
				CODE_SIGN_STYLE = Automatic;
				DEVELOPMENT_TEAM = 8PF4PD98CF;
				INFOPLIST_FILE = web/Info.plist;
				LD_RUNPATH_SEARCH_PATHS = (
					"$(inherited)",
					"@executable_path/Frameworks",
				);
				PRODUCT_BUNDLE_IDENTIFIER = com.paradabeltran.web;
				PRODUCT_NAME = "$(TARGET_NAME)";
				SWIFT_VERSION = 5.0;
				TARGETED_DEVICE_FAMILY = "1,2";
			};
			name = Release;
		};
/* End XCBuildConfiguration section */

/* Begin XCConfigurationList section */
		37896C1124B48AFF0076A48E /* Build configuration list for PBXProject "web" */ = {
			isa = XCConfigurationList;
			buildConfigurations = (
				37896C2824B48B000076A48E /* Debug */,
				37896C2924B48B000076A48E /* Release */,
			);
			defaultConfigurationIsVisible = 0;
			defaultConfigurationName = Release;
		};
		37896C2A24B48B000076A48E /* Build configuration list for PBXNativeTarget "web" */ = {
			isa = XCConfigurationList;
			buildConfigurations = (
				37896C2B24B48B000076A48E /* Debug */,
				37896C2C24B48B000076A48E /* Release */,
			);
			defaultConfigurationIsVisible = 0;
			defaultConfigurationName = Release;
		};
/* End XCConfigurationList section */
	};
	rootObject = 37896C0E24B48AFF0076A48E /* Project object */;
}
